{
  "version": 4,
  "terraform_version": "1.0.0",
  "serial": 192,
  "lineage": "1641d09b-802d-efca-9369-f98a29f92201",
  "outputs": {},
  "resources": [
    {
      "mode": "managed",
      "type": "azurerm_network_interface",
      "name": "NicCp2",
      "provider": "provider[\"registry.terraform.io/hashicorp/azurerm\"]",
      "instances": [
        {
          "index_key": 0,
          "schema_version": 0,
          "attributes": {
            "applied_dns_servers": [],
            "dns_servers": [],
            "enable_accelerated_networking": false,
            "enable_ip_forwarding": false,
            "id": "/subscriptions/cce5034e-f320-4866-836b-917f430519f2/resourceGroups/resourcegroupcp2/providers/Microsoft.Network/networkInterfaces/nicMastercp2",
            "internal_dns_name_label": "",
            "internal_domain_name_suffix": "2nukh5d1wt0ebdknn4ac34bmia.ax.internal.cloudapp.net",
            "ip_configuration": [
              {
                "name": "ipconfigurationMastercp2",
                "primary": true,
                "private_ip_address": "10.0.1.10",
                "private_ip_address_allocation": "Static",
                "private_ip_address_version": "IPv4",
                "public_ip_address_id": "/subscriptions/cce5034e-f320-4866-836b-917f430519f2/resourceGroups/resourcegroupcp2/providers/Microsoft.Network/publicIPAddresses/ipMastercp2",
                "subnet_id": "/subscriptions/cce5034e-f320-4866-836b-917f430519f2/resourceGroups/resourcegroupcp2/providers/Microsoft.Network/virtualNetworks/networkcp2/subnets/subnetcp2"
              }
            ],
            "location": "westeurope",
            "mac_address": "",
            "name": "nicMastercp2",
            "private_ip_address": "10.0.1.10",
            "private_ip_addresses": [
              "10.0.1.10"
            ],
            "resource_group_name": "resourcegroupcp2",
            "tags": {
              "environment": "UNIR_CP2"
            },
            "timeouts": null,
            "virtual_machine_id": ""
          },
          "sensitive_attributes": [],
          "private": "eyJlMmJmYjczMC1lY2FhLTExZTYtOGY4OC0zNDM2M2JjN2M0YzAiOnsiY3JlYXRlIjoxODAwMDAwMDAwMDAwLCJkZWxldGUiOjE4MDAwMDAwMDAwMDAsInJlYWQiOjMwMDAwMDAwMDAwMCwidXBkYXRlIjoxODAwMDAwMDAwMDAwfX0=",
          "dependencies": [
            "azurerm_public_ip.PublicIpCp2",
            "azurerm_resource_group.rg",
            "azurerm_subnet.SubnetCp2",
            "azurerm_virtual_network.NetworkCp2"
          ]
        },
        {
          "index_key": 1,
          "schema_version": 0,
          "attributes": {
            "applied_dns_servers": [],
            "dns_servers": [],
            "enable_accelerated_networking": false,
            "enable_ip_forwarding": false,
            "id": "/subscriptions/cce5034e-f320-4866-836b-917f430519f2/resourceGroups/resourcegroupcp2/providers/Microsoft.Network/networkInterfaces/nicWorker01cp2",
            "internal_dns_name_label": "",
            "internal_domain_name_suffix": "2nukh5d1wt0ebdknn4ac34bmia.ax.internal.cloudapp.net",
            "ip_configuration": [
              {
                "name": "ipconfigurationWorker01cp2",
                "primary": true,
                "private_ip_address": "10.0.1.11",
                "private_ip_address_allocation": "Static",
                "private_ip_address_version": "IPv4",
                "public_ip_address_id": "/subscriptions/cce5034e-f320-4866-836b-917f430519f2/resourceGroups/resourcegroupcp2/providers/Microsoft.Network/publicIPAddresses/ipWorker01cp2",
                "subnet_id": "/subscriptions/cce5034e-f320-4866-836b-917f430519f2/resourceGroups/resourcegroupcp2/providers/Microsoft.Network/virtualNetworks/networkcp2/subnets/subnetcp2"
              }
            ],
            "location": "westeurope",
            "mac_address": "",
            "name": "nicWorker01cp2",
            "private_ip_address": "10.0.1.11",
            "private_ip_addresses": [
              "10.0.1.11"
            ],
            "resource_group_name": "resourcegroupcp2",
            "tags": {
              "environment": "UNIR_CP2"
            },
            "timeouts": null,
            "virtual_machine_id": ""
          },
          "sensitive_attributes": [],
          "private": "eyJlMmJmYjczMC1lY2FhLTExZTYtOGY4OC0zNDM2M2JjN2M0YzAiOnsiY3JlYXRlIjoxODAwMDAwMDAwMDAwLCJkZWxldGUiOjE4MDAwMDAwMDAwMDAsInJlYWQiOjMwMDAwMDAwMDAwMCwidXBkYXRlIjoxODAwMDAwMDAwMDAwfX0=",
          "dependencies": [
            "azurerm_public_ip.PublicIpCp2",
            "azurerm_resource_group.rg",
            "azurerm_subnet.SubnetCp2",
            "azurerm_virtual_network.NetworkCp2"
          ]
        },
        {
          "index_key": 2,
          "schema_version": 0,
          "attributes": {
            "applied_dns_servers": [],
            "dns_servers": [],
            "enable_accelerated_networking": false,
            "enable_ip_forwarding": false,
            "id": "/subscriptions/cce5034e-f320-4866-836b-917f430519f2/resourceGroups/resourcegroupcp2/providers/Microsoft.Network/networkInterfaces/nicWorker02cp2",
            "internal_dns_name_label": "",
            "internal_domain_name_suffix": "2nukh5d1wt0ebdknn4ac34bmia.ax.internal.cloudapp.net",
            "ip_configuration": [
              {
                "name": "ipconfigurationWorker02cp2",
                "primary": true,
                "private_ip_address": "10.0.1.12",
                "private_ip_address_allocation": "Static",
                "private_ip_address_version": "IPv4",
                "public_ip_address_id": "/subscriptions/cce5034e-f320-4866-836b-917f430519f2/resourceGroups/resourcegroupcp2/providers/Microsoft.Network/publicIPAddresses/ipWorker02cp2",
                "subnet_id": "/subscriptions/cce5034e-f320-4866-836b-917f430519f2/resourceGroups/resourcegroupcp2/providers/Microsoft.Network/virtualNetworks/networkcp2/subnets/subnetcp2"
              }
            ],
            "location": "westeurope",
            "mac_address": "",
            "name": "nicWorker02cp2",
            "private_ip_address": "10.0.1.12",
            "private_ip_addresses": [
              "10.0.1.12"
            ],
            "resource_group_name": "resourcegroupcp2",
            "tags": {
              "environment": "UNIR_CP2"
            },
            "timeouts": null,
            "virtual_machine_id": ""
          },
          "sensitive_attributes": [],
          "private": "eyJlMmJmYjczMC1lY2FhLTExZTYtOGY4OC0zNDM2M2JjN2M0YzAiOnsiY3JlYXRlIjoxODAwMDAwMDAwMDAwLCJkZWxldGUiOjE4MDAwMDAwMDAwMDAsInJlYWQiOjMwMDAwMDAwMDAwMCwidXBkYXRlIjoxODAwMDAwMDAwMDAwfX0=",
          "dependencies": [
            "azurerm_public_ip.PublicIpCp2",
            "azurerm_resource_group.rg",
            "azurerm_subnet.SubnetCp2",
            "azurerm_virtual_network.NetworkCp2"
          ]
        }
      ]
    },
    {
      "mode": "managed",
      "type": "azurerm_network_interface_security_group_association",
      "name": "SecurityGroupAssociationCp2",
      "provider": "provider[\"registry.terraform.io/hashicorp/azurerm\"]",
      "instances": [
        {
          "index_key": 0,
          "schema_version": 0,
          "attributes": {
            "id": "/subscriptions/cce5034e-f320-4866-836b-917f430519f2/resourceGroups/resourcegroupcp2/providers/Microsoft.Network/networkInterfaces/nicMastercp2|/subscriptions/cce5034e-f320-4866-836b-917f430519f2/resourceGroups/resourcegroupcp2/providers/Microsoft.Network/networkSecurityGroups/sshtrafficMastercp2",
            "network_interface_id": "/subscriptions/cce5034e-f320-4866-836b-917f430519f2/resourceGroups/resourcegroupcp2/providers/Microsoft.Network/networkInterfaces/nicMastercp2",
            "network_security_group_id": "/subscriptions/cce5034e-f320-4866-836b-917f430519f2/resourceGroups/resourcegroupcp2/providers/Microsoft.Network/networkSecurityGroups/sshtrafficMastercp2",
            "timeouts": null
          },
          "sensitive_attributes": [],
          "private": "eyJlMmJmYjczMC1lY2FhLTExZTYtOGY4OC0zNDM2M2JjN2M0YzAiOnsiY3JlYXRlIjoxODAwMDAwMDAwMDAwLCJkZWxldGUiOjE4MDAwMDAwMDAwMDAsInJlYWQiOjMwMDAwMDAwMDAwMCwidXBkYXRlIjoxODAwMDAwMDAwMDAwfX0=",
          "dependencies": [
            "azurerm_network_interface.NicCp2",
            "azurerm_network_security_group.SecurityGroupCp2",
            "azurerm_public_ip.PublicIpCp2",
            "azurerm_resource_group.rg",
            "azurerm_subnet.SubnetCp2",
            "azurerm_virtual_network.NetworkCp2"
          ]
        },
        {
          "index_key": 1,
          "schema_version": 0,
          "attributes": {
            "id": "/subscriptions/cce5034e-f320-4866-836b-917f430519f2/resourceGroups/resourcegroupcp2/providers/Microsoft.Network/networkInterfaces/nicWorker01cp2|/subscriptions/cce5034e-f320-4866-836b-917f430519f2/resourceGroups/resourcegroupcp2/providers/Microsoft.Network/networkSecurityGroups/sshtrafficWorker01cp2",
            "network_interface_id": "/subscriptions/cce5034e-f320-4866-836b-917f430519f2/resourceGroups/resourcegroupcp2/providers/Microsoft.Network/networkInterfaces/nicWorker01cp2",
            "network_security_group_id": "/subscriptions/cce5034e-f320-4866-836b-917f430519f2/resourceGroups/resourcegroupcp2/providers/Microsoft.Network/networkSecurityGroups/sshtrafficWorker01cp2",
            "timeouts": null
          },
          "sensitive_attributes": [],
          "private": "eyJlMmJmYjczMC1lY2FhLTExZTYtOGY4OC0zNDM2M2JjN2M0YzAiOnsiY3JlYXRlIjoxODAwMDAwMDAwMDAwLCJkZWxldGUiOjE4MDAwMDAwMDAwMDAsInJlYWQiOjMwMDAwMDAwMDAwMCwidXBkYXRlIjoxODAwMDAwMDAwMDAwfX0=",
          "dependencies": [
            "azurerm_network_interface.NicCp2",
            "azurerm_network_security_group.SecurityGroupCp2",
            "azurerm_public_ip.PublicIpCp2",
            "azurerm_resource_group.rg",
            "azurerm_subnet.SubnetCp2",
            "azurerm_virtual_network.NetworkCp2"
          ]
        },
        {
          "index_key": 2,
          "schema_version": 0,
          "attributes": {
            "id": "/subscriptions/cce5034e-f320-4866-836b-917f430519f2/resourceGroups/resourcegroupcp2/providers/Microsoft.Network/networkInterfaces/nicWorker02cp2|/subscriptions/cce5034e-f320-4866-836b-917f430519f2/resourceGroups/resourcegroupcp2/providers/Microsoft.Network/networkSecurityGroups/sshtrafficWorker02cp2",
            "network_interface_id": "/subscriptions/cce5034e-f320-4866-836b-917f430519f2/resourceGroups/resourcegroupcp2/providers/Microsoft.Network/networkInterfaces/nicWorker02cp2",
            "network_security_group_id": "/subscriptions/cce5034e-f320-4866-836b-917f430519f2/resourceGroups/resourcegroupcp2/providers/Microsoft.Network/networkSecurityGroups/sshtrafficWorker02cp2",
            "timeouts": null
          },
          "sensitive_attributes": [],
          "private": "eyJlMmJmYjczMC1lY2FhLTExZTYtOGY4OC0zNDM2M2JjN2M0YzAiOnsiY3JlYXRlIjoxODAwMDAwMDAwMDAwLCJkZWxldGUiOjE4MDAwMDAwMDAwMDAsInJlYWQiOjMwMDAwMDAwMDAwMCwidXBkYXRlIjoxODAwMDAwMDAwMDAwfX0=",
          "dependencies": [
            "azurerm_network_interface.NicCp2",
            "azurerm_network_security_group.SecurityGroupCp2",
            "azurerm_public_ip.PublicIpCp2",
            "azurerm_resource_group.rg",
            "azurerm_subnet.SubnetCp2",
            "azurerm_virtual_network.NetworkCp2"
          ]
        }
      ]
    },
    {
      "mode": "managed",
      "type": "azurerm_network_security_group",
      "name": "SecurityGroupCp2",
      "provider": "provider[\"registry.terraform.io/hashicorp/azurerm\"]",
      "instances": [
        {
          "index_key": 0,
          "schema_version": 0,
          "attributes": {
            "id": "/subscriptions/cce5034e-f320-4866-836b-917f430519f2/resourceGroups/resourcegroupcp2/providers/Microsoft.Network/networkSecurityGroups/sshtrafficMastercp2",
            "location": "westeurope",
            "name": "sshtrafficMastercp2",
            "resource_group_name": "resourcegroupcp2",
            "security_rule": [
              {
                "access": "Allow",
                "description": "",
                "destination_address_prefix": "*",
                "destination_address_prefixes": [],
                "destination_application_security_group_ids": [],
                "destination_port_range": "22",
                "destination_port_ranges": [],
                "direction": "Inbound",
                "name": "SSH",
                "priority": 1001,
                "protocol": "Tcp",
                "source_address_prefix": "*",
                "source_address_prefixes": [],
                "source_application_security_group_ids": [],
                "source_port_range": "*",
                "source_port_ranges": []
              }
            ],
            "tags": {
              "environment": "UNIR_CP2"
            },
            "timeouts": null
          },
          "sensitive_attributes": [],
          "private": "eyJlMmJmYjczMC1lY2FhLTExZTYtOGY4OC0zNDM2M2JjN2M0YzAiOnsiY3JlYXRlIjoxODAwMDAwMDAwMDAwLCJkZWxldGUiOjE4MDAwMDAwMDAwMDAsInJlYWQiOjMwMDAwMDAwMDAwMCwidXBkYXRlIjoxODAwMDAwMDAwMDAwfX0=",
          "dependencies": [
            "azurerm_resource_group.rg"
          ]
        },
        {
          "index_key": 1,
          "schema_version": 0,
          "attributes": {
            "id": "/subscriptions/cce5034e-f320-4866-836b-917f430519f2/resourceGroups/resourcegroupcp2/providers/Microsoft.Network/networkSecurityGroups/sshtrafficWorker01cp2",
            "location": "westeurope",
            "name": "sshtrafficWorker01cp2",
            "resource_group_name": "resourcegroupcp2",
            "security_rule": [
              {
                "access": "Allow",
                "description": "",
                "destination_address_prefix": "*",
                "destination_address_prefixes": [],
                "destination_application_security_group_ids": [],
                "destination_port_range": "22",
                "destination_port_ranges": [],
                "direction": "Inbound",
                "name": "SSH",
                "priority": 1001,
                "protocol": "Tcp",
                "source_address_prefix": "*",
                "source_address_prefixes": [],
                "source_application_security_group_ids": [],
                "source_port_range": "*",
                "source_port_ranges": []
              }
            ],
            "tags": {
              "environment": "UNIR_CP2"
            },
            "timeouts": null
          },
          "sensitive_attributes": [],
          "private": "eyJlMmJmYjczMC1lY2FhLTExZTYtOGY4OC0zNDM2M2JjN2M0YzAiOnsiY3JlYXRlIjoxODAwMDAwMDAwMDAwLCJkZWxldGUiOjE4MDAwMDAwMDAwMDAsInJlYWQiOjMwMDAwMDAwMDAwMCwidXBkYXRlIjoxODAwMDAwMDAwMDAwfX0=",
          "dependencies": [
            "azurerm_resource_group.rg"
          ]
        },
        {
          "index_key": 2,
          "schema_version": 0,
          "attributes": {
            "id": "/subscriptions/cce5034e-f320-4866-836b-917f430519f2/resourceGroups/resourcegroupcp2/providers/Microsoft.Network/networkSecurityGroups/sshtrafficWorker02cp2",
            "location": "westeurope",
            "name": "sshtrafficWorker02cp2",
            "resource_group_name": "resourcegroupcp2",
            "security_rule": [
              {
                "access": "Allow",
                "description": "",
                "destination_address_prefix": "*",
                "destination_address_prefixes": [],
                "destination_application_security_group_ids": [],
                "destination_port_range": "22",
                "destination_port_ranges": [],
                "direction": "Inbound",
                "name": "SSH",
                "priority": 1001,
                "protocol": "Tcp",
                "source_address_prefix": "*",
                "source_address_prefixes": [],
                "source_application_security_group_ids": [],
                "source_port_range": "*",
                "source_port_ranges": []
              }
            ],
            "tags": {
              "environment": "UNIR_CP2"
            },
            "timeouts": null
          },
          "sensitive_attributes": [],
          "private": "eyJlMmJmYjczMC1lY2FhLTExZTYtOGY4OC0zNDM2M2JjN2M0YzAiOnsiY3JlYXRlIjoxODAwMDAwMDAwMDAwLCJkZWxldGUiOjE4MDAwMDAwMDAwMDAsInJlYWQiOjMwMDAwMDAwMDAwMCwidXBkYXRlIjoxODAwMDAwMDAwMDAwfX0=",
          "dependencies": [
            "azurerm_resource_group.rg"
          ]
        }
      ]
    },
    {
      "mode": "managed",
      "type": "azurerm_public_ip",
      "name": "PublicIpCp2",
      "provider": "provider[\"registry.terraform.io/hashicorp/azurerm\"]",
      "instances": [
        {
          "index_key": 0,
          "schema_version": 0,
          "attributes": {
            "allocation_method": "Dynamic",
            "domain_name_label": null,
            "fqdn": null,
            "id": "/subscriptions/cce5034e-f320-4866-836b-917f430519f2/resourceGroups/resourcegroupcp2/providers/Microsoft.Network/publicIPAddresses/ipMastercp2",
            "idle_timeout_in_minutes": 4,
            "ip_address": "",
            "ip_version": "IPv4",
            "location": "westeurope",
            "name": "ipMastercp2",
            "public_ip_prefix_id": null,
            "resource_group_name": "resourcegroupcp2",
            "reverse_fqdn": null,
            "sku": "Basic",
            "tags": {
              "environment": "UNIR_CP2"
            },
            "timeouts": null,
            "zones": null
          },
          "sensitive_attributes": [],
          "private": "eyJlMmJmYjczMC1lY2FhLTExZTYtOGY4OC0zNDM2M2JjN2M0YzAiOnsiY3JlYXRlIjoxODAwMDAwMDAwMDAwLCJkZWxldGUiOjE4MDAwMDAwMDAwMDAsInJlYWQiOjMwMDAwMDAwMDAwMCwidXBkYXRlIjoxODAwMDAwMDAwMDAwfX0=",
          "dependencies": [
            "azurerm_resource_group.rg"
          ]
        },
        {
          "index_key": 1,
          "schema_version": 0,
          "attributes": {
            "allocation_method": "Dynamic",
            "domain_name_label": null,
            "fqdn": null,
            "id": "/subscriptions/cce5034e-f320-4866-836b-917f430519f2/resourceGroups/resourcegroupcp2/providers/Microsoft.Network/publicIPAddresses/ipWorker01cp2",
            "idle_timeout_in_minutes": 4,
            "ip_address": "",
            "ip_version": "IPv4",
            "location": "westeurope",
            "name": "ipWorker01cp2",
            "public_ip_prefix_id": null,
            "resource_group_name": "resourcegroupcp2",
            "reverse_fqdn": null,
            "sku": "Basic",
            "tags": {
              "environment": "UNIR_CP2"
            },
            "timeouts": null,
            "zones": null
          },
          "sensitive_attributes": [],
          "private": "eyJlMmJmYjczMC1lY2FhLTExZTYtOGY4OC0zNDM2M2JjN2M0YzAiOnsiY3JlYXRlIjoxODAwMDAwMDAwMDAwLCJkZWxldGUiOjE4MDAwMDAwMDAwMDAsInJlYWQiOjMwMDAwMDAwMDAwMCwidXBkYXRlIjoxODAwMDAwMDAwMDAwfX0=",
          "dependencies": [
            "azurerm_resource_group.rg"
          ]
        },
        {
          "index_key": 2,
          "schema_version": 0,
          "attributes": {
            "allocation_method": "Dynamic",
            "domain_name_label": null,
            "fqdn": null,
            "id": "/subscriptions/cce5034e-f320-4866-836b-917f430519f2/resourceGroups/resourcegroupcp2/providers/Microsoft.Network/publicIPAddresses/ipWorker02cp2",
            "idle_timeout_in_minutes": 4,
            "ip_address": "",
            "ip_version": "IPv4",
            "location": "westeurope",
            "name": "ipWorker02cp2",
            "public_ip_prefix_id": null,
            "resource_group_name": "resourcegroupcp2",
            "reverse_fqdn": null,
            "sku": "Basic",
            "tags": {
              "environment": "UNIR_CP2"
            },
            "timeouts": null,
            "zones": null
          },
          "sensitive_attributes": [],
          "private": "eyJlMmJmYjczMC1lY2FhLTExZTYtOGY4OC0zNDM2M2JjN2M0YzAiOnsiY3JlYXRlIjoxODAwMDAwMDAwMDAwLCJkZWxldGUiOjE4MDAwMDAwMDAwMDAsInJlYWQiOjMwMDAwMDAwMDAwMCwidXBkYXRlIjoxODAwMDAwMDAwMDAwfX0=",
          "dependencies": [
            "azurerm_resource_group.rg"
          ]
        }
      ]
    },
    {
      "mode": "managed",
      "type": "azurerm_resource_group",
      "name": "rg",
      "provider": "provider[\"registry.terraform.io/hashicorp/azurerm\"]",
      "instances": [
        {
          "schema_version": 0,
          "attributes": {
            "id": "/subscriptions/cce5034e-f320-4866-836b-917f430519f2/resourceGroups/resourcegroupcp2",
            "location": "westeurope",
            "name": "resourcegroupcp2",
            "tags": {
              "environment": "UNIR_CP2"
            },
            "timeouts": null
          },
          "sensitive_attributes": [],
          "private": "eyJlMmJmYjczMC1lY2FhLTExZTYtOGY4OC0zNDM2M2JjN2M0YzAiOnsiY3JlYXRlIjo1NDAwMDAwMDAwMDAwLCJkZWxldGUiOjU0MDAwMDAwMDAwMDAsInJlYWQiOjMwMDAwMDAwMDAwMCwidXBkYXRlIjo1NDAwMDAwMDAwMDAwfX0="
        }
      ]
    },
    {
      "mode": "managed",
      "type": "azurerm_storage_account",
      "name": "sa",
      "provider": "provider[\"registry.terraform.io/hashicorp/azurerm\"]",
      "instances": [
        {
          "schema_version": 2,
          "attributes": {
            "access_tier": "Hot",
            "account_kind": "StorageV2",
            "account_replication_type": "LRS",
            "account_tier": "Standard",
            "allow_blob_public_access": false,
            "blob_properties": [],
            "custom_domain": [],
            "enable_https_traffic_only": true,
            "id": "/subscriptions/cce5034e-f320-4866-836b-917f430519f2/resourceGroups/resourcegroupcp2/providers/Microsoft.Storage/storageAccounts/storageaccountcp2",
            "identity": [],
            "is_hns_enabled": false,
            "large_file_share_enabled": null,
            "location": "westeurope",
            "min_tls_version": "TLS1_0",
            "name": "storageaccountcp2",
            "network_rules": [
              {
                "bypass": [
                  "AzureServices"
                ],
                "default_action": "Allow",
                "ip_rules": [],
                "virtual_network_subnet_ids": []
              }
            ],
            "primary_access_key": "jRtQv2cxYBVX+sRLkcByJQ9IYOMn8sJ9KzONtnanWLUS5JPyVFhgBJ6WjFFsNA5ZIUMrez4ICBW9w8oCeh1A+A==",
            "primary_blob_connection_string": "DefaultEndpointsProtocol=https;BlobEndpoint=https://storageaccountcp2.blob.core.windows.net/;AccountName=storageaccountcp2;AccountKey=jRtQv2cxYBVX+sRLkcByJQ9IYOMn8sJ9KzONtnanWLUS5JPyVFhgBJ6WjFFsNA5ZIUMrez4ICBW9w8oCeh1A+A==",
            "primary_blob_endpoint": "https://storageaccountcp2.blob.core.windows.net/",
            "primary_blob_host": "storageaccountcp2.blob.core.windows.net",
            "primary_connection_string": "DefaultEndpointsProtocol=https;AccountName=storageaccountcp2;AccountKey=jRtQv2cxYBVX+sRLkcByJQ9IYOMn8sJ9KzONtnanWLUS5JPyVFhgBJ6WjFFsNA5ZIUMrez4ICBW9w8oCeh1A+A==;EndpointSuffix=core.windows.net",
            "primary_dfs_endpoint": "https://storageaccountcp2.dfs.core.windows.net/",
            "primary_dfs_host": "storageaccountcp2.dfs.core.windows.net",
            "primary_file_endpoint": "https://storageaccountcp2.file.core.windows.net/",
            "primary_file_host": "storageaccountcp2.file.core.windows.net",
            "primary_location": "westeurope",
            "primary_queue_endpoint": "https://storageaccountcp2.queue.core.windows.net/",
            "primary_queue_host": "storageaccountcp2.queue.core.windows.net",
            "primary_table_endpoint": "https://storageaccountcp2.table.core.windows.net/",
            "primary_table_host": "storageaccountcp2.table.core.windows.net",
            "primary_web_endpoint": "https://storageaccountcp2.z6.web.core.windows.net/",
            "primary_web_host": "storageaccountcp2.z6.web.core.windows.net",
            "queue_properties": [
              {
                "cors_rule": [],
                "hour_metrics": [
                  {
                    "enabled": true,
                    "include_apis": true,
                    "retention_policy_days": 7,
                    "version": "1.0"
                  }
                ],
                "logging": [
                  {
                    "delete": false,
                    "read": false,
                    "retention_policy_days": 0,
                    "version": "1.0",
                    "write": false
                  }
                ],
                "minute_metrics": [
                  {
                    "enabled": false,
                    "include_apis": false,
                    "retention_policy_days": 0,
                    "version": "1.0"
                  }
                ]
              }
            ],
            "resource_group_name": "resourcegroupcp2",
            "secondary_access_key": "1jXNT289nvtn0XHX3VmKJTJMBnotJHwo3QJctQUa+EF/jsLjCHUDV0U8LcoQziw+td07pmcRoz7lY9d2qc7oAQ==",
            "secondary_blob_connection_string": "",
            "secondary_blob_endpoint": null,
            "secondary_blob_host": null,
            "secondary_connection_string": "DefaultEndpointsProtocol=https;AccountName=storageaccountcp2;AccountKey=1jXNT289nvtn0XHX3VmKJTJMBnotJHwo3QJctQUa+EF/jsLjCHUDV0U8LcoQziw+td07pmcRoz7lY9d2qc7oAQ==;EndpointSuffix=core.windows.net",
            "secondary_dfs_endpoint": null,
            "secondary_dfs_host": null,
            "secondary_file_endpoint": null,
            "secondary_file_host": null,
            "secondary_location": "",
            "secondary_queue_endpoint": null,
            "secondary_queue_host": null,
            "secondary_table_endpoint": null,
            "secondary_table_host": null,
            "secondary_web_endpoint": null,
            "secondary_web_host": null,
            "static_website": [],
            "tags": {
              "environment": "UNIR_CP2"
            },
            "timeouts": null
          },
          "sensitive_attributes": [],
          "private": "eyJlMmJmYjczMC1lY2FhLTExZTYtOGY4OC0zNDM2M2JjN2M0YzAiOnsiY3JlYXRlIjozNjAwMDAwMDAwMDAwLCJkZWxldGUiOjM2MDAwMDAwMDAwMDAsInJlYWQiOjMwMDAwMDAwMDAwMCwidXBkYXRlIjozNjAwMDAwMDAwMDAwfSwic2NoZW1hX3ZlcnNpb24iOiIyIn0=",
          "dependencies": [
            "azurerm_resource_group.rg"
          ]
        }
      ]
    },
    {
      "mode": "managed",
      "type": "azurerm_subnet",
      "name": "SubnetCp2",
      "provider": "provider[\"registry.terraform.io/hashicorp/azurerm\"]",
      "instances": [
        {
          "schema_version": 0,
          "attributes": {
            "address_prefix": "10.0.1.0/24",
            "address_prefixes": [
              "10.0.1.0/24"
            ],
            "delegation": [],
            "enforce_private_link_endpoint_network_policies": false,
            "enforce_private_link_service_network_policies": false,
            "id": "/subscriptions/cce5034e-f320-4866-836b-917f430519f2/resourceGroups/resourcegroupcp2/providers/Microsoft.Network/virtualNetworks/networkcp2/subnets/subnetcp2",
            "name": "subnetcp2",
            "resource_group_name": "resourcegroupcp2",
            "service_endpoint_policy_ids": null,
            "service_endpoints": null,
            "timeouts": null,
            "virtual_network_name": "networkcp2"
          },
          "sensitive_attributes": [],
          "private": "eyJlMmJmYjczMC1lY2FhLTExZTYtOGY4OC0zNDM2M2JjN2M0YzAiOnsiY3JlYXRlIjoxODAwMDAwMDAwMDAwLCJkZWxldGUiOjE4MDAwMDAwMDAwMDAsInJlYWQiOjMwMDAwMDAwMDAwMCwidXBkYXRlIjoxODAwMDAwMDAwMDAwfX0=",
          "dependencies": [
            "azurerm_resource_group.rg",
            "azurerm_virtual_network.NetworkCp2"
          ]
        }
      ]
    },
    {
      "mode": "managed",
      "type": "azurerm_virtual_network",
      "name": "NetworkCp2",
      "provider": "provider[\"registry.terraform.io/hashicorp/azurerm\"]",
      "instances": [
        {
          "schema_version": 0,
          "attributes": {
            "address_space": [
              "10.0.0.0/16"
            ],
            "bgp_community": "",
            "ddos_protection_plan": [],
            "dns_servers": null,
            "guid": "fca368e3-b47b-40f4-8d4d-6f802ef82c40",
            "id": "/subscriptions/cce5034e-f320-4866-836b-917f430519f2/resourceGroups/resourcegroupcp2/providers/Microsoft.Network/virtualNetworks/networkcp2",
            "location": "westeurope",
            "name": "networkcp2",
            "resource_group_name": "resourcegroupcp2",
            "subnet": [],
            "tags": {
              "environment": "UNIR_CP2"
            },
            "timeouts": null,
            "vm_protection_enabled": false
          },
          "sensitive_attributes": [],
          "private": "eyJlMmJmYjczMC1lY2FhLTExZTYtOGY4OC0zNDM2M2JjN2M0YzAiOnsiY3JlYXRlIjoxODAwMDAwMDAwMDAwLCJkZWxldGUiOjE4MDAwMDAwMDAwMDAsInJlYWQiOjMwMDAwMDAwMDAwMCwidXBkYXRlIjoxODAwMDAwMDAwMDAwfX0=",
          "dependencies": [
            "azurerm_resource_group.rg"
          ]
        }
      ]
    }
  ]
}
